
Microsoft Visual Studio Solution File, Format Version 12.00
# Visual Studio Version 16
VisualStudioVersion = 16.0.32428.217
MinimumVisualStudioVersion = 10.0.40219.1
Project("{FAE04EC0-301F-11D3-BF4B-00C04F79EFBC}") = "Traffic Rider", "Traffic Rider\Traffic Rider.csproj", "{13FE7C70-6092-4C20-8290-CB9CEA807CCB}"
EndProject
Global
	GlobalSection(SolutionConfigurationPlatforms) = preSolution
		Debug|Any CPU = Debug|Any CPU
		Release|Any CPU = Release|Any CPU
	EndGlobalSection
	GlobalSection(ProjectConfigurationPlatforms) = postSolution
		{13FE7C70-6092-4C20-8290-CB9CEA807CCB}.Debug|Any CPU.ActiveCfg = Debug|Any CPU
		{13FE7C70-6092-4C20-8290-CB9CEA807CCB}.Debug|Any CPU.Build.0 = Debug|Any CPU
		{13FE7C70-6092-4C20-8290-CB9CEA807CCB}.Release|Any CPU.ActiveCfg = Release|Any CPU
		{13FE7C70-6092-4C20-8290-CB9CEA807CCB}.Release|Any CPU.Build.0 = Release|Any CPU
	EndGlobalSection
	GlobalSection(SolutionProperties) = preSolution
		HideSolutionNode = FALSE
	EndGlobalSection
	GlobalSection(ExtensibilityGlobals) = postSolution
		SolutionGuid = {6FED402E-7692-485C-A4D3-70C1B5DBEB7A}
	EndGlobalSection
EndGlobal
